
Microsoft Visual Studio Solution File, Format Version 12.00
# Visual Studio 15
VisualStudioVersion = 15.0.27703.2026
MinimumVisualStudioVersion = 10.0.40219.1
Project("{FAE04EC0-301F-11D3-BF4B-00C04F79EFBC}") = "n11Test", "n11Test\n11Test.csproj", "{7ACD9DE5-4F0C-412D-9D55-46E06A1AADC6}"
EndProject
Global
	GlobalSection(SolutionConfigurationPlatforms) = preSolution
		Debug|Any CPU = Debug|Any CPU
		Release|Any CPU = Release|Any CPU
	EndGlobalSection
	GlobalSection(ProjectConfigurationPlatforms) = postSolution
		{7ACD9DE5-4F0C-412D-9D55-46E06A1AADC6}.Debug|Any CPU.ActiveCfg = Debug|Any CPU
		{7ACD9DE5-4F0C-412D-9D55-46E06A1AADC6}.Debug|Any CPU.Build.0 = Debug|Any CPU
		{7ACD9DE5-4F0C-412D-9D55-46E06A1AADC6}.Release|Any CPU.ActiveCfg = Release|Any CPU
		{7ACD9DE5-4F0C-412D-9D55-46E06A1AADC6}.Release|Any CPU.Build.0 = Release|Any CPU
	EndGlobalSection
	GlobalSection(SolutionProperties) = preSolution
		HideSolutionNode = FALSE
	EndGlobalSection
	GlobalSection(ExtensibilityGlobals) = postSolution
		SolutionGuid = {E1F0F7C7-52E9-44B8-802E-3845E855A25D}
	EndGlobalSection
EndGlobal
